// !$*UTF8*$!
{
	archiveVersion = 1;
	classes = {
	};
	objectVersion = 46;
	objects = {

/* Begin PBXBuildFile section */
		20004B40243972A5005D39CC /* AppDelegate.swift in Sources */ = {isa = PBXBuildFile; fileRef = 20004B3F243972A5005D39CC /* AppDelegate.swift */; };
		20004B42243972A5005D39CC /* ViewController.swift in Sources */ = {isa = PBXBuildFile; fileRef = 20004B41243972A5005D39CC /* ViewController.swift */; };
		20004B45243972A5005D39CC /* Main.storyboard in Resources */ = {isa = PBXBuildFile; fileRef = 20004B43243972A5005D39CC /* Main.storyboard */; };
		20004B47243972A5005D39CC /* Assets.xcassets in Resources */ = {isa = PBXBuildFile; fileRef = 20004B46243972A5005D39CC /* Assets.xcassets */; };
		20004B4A243972A5005D39CC /* LaunchScreen.storyboard in Resources */ = {isa = PBXBuildFile; fileRef = 20004B48243972A5005D39CC /* LaunchScreen.storyboard */; };
		20004B55243972A5005D39CC /* TippyTests.swift in Sources */ = {isa = PBXBuildFile; fileRef = 20004B54243972A5005D39CC /* TippyTests.swift */; };
		20004B60243972A6005D39CC /* TippyUITests.swift in Sources */ = {isa = PBXBuildFile; fileRef = 20004B5F243972A6005D39CC /* TippyUITests.swift */; };
/* End PBXBuildFile section */

/* Begin PBXContainerItemProxy section */
		20004B51243972A5005D39CC /* PBXContainerItemProxy */ = {
			isa = PBXContainerItemProxy;
			containerPortal = 20004B34243972A5005D39CC /* Project object */;
			proxyType = 1;
			remoteGlobalIDString = 20004B3B243972A5005D39CC;
			remoteInfo = Tippy;
		};
		20004B5C243972A5005D39CC /* PBXContainerItemProxy */ = {
			isa = PBXContainerItemProxy;
			containerPortal = 20004B34243972A5005D39CC /* Project object */;
			proxyType = 1;
			remoteGlobalIDString = 20004B3B243972A5005D39CC;
			remoteInfo = Tippy;
		};
/* End PBXContainerItemProxy section */

/* Begin PBXFileReference section */
		20004B3C243972A5005D39CC /* Tippy.app */ = {isa = PBXFileReference; explicitFileType = wrapper.application; includeInIndex = 0; path = Tippy.app; sourceTree = BUILT_PRODUCTS_DIR; };
		20004B3F243972A5005D39CC /* AppDelegate.swift */ = {isa = PBXFileReference; lastKnownFileType = sourcecode.swift; path = AppDelegate.swift; sourceTree = "<group>"; };
		20004B41243972A5005D39CC /* ViewController.swift */ = {isa = PBXFileReference; lastKnownFileType = sourcecode.swift; path = ViewController.swift; sourceTree = "<group>"; };
		20004B44243972A5005D39CC /* Base */ = {isa = PBXFileReference; lastKnownFileType = file.storyboard; name = Base; path = Base.lproj/Main.storyboard; sourceTree = "<group>"; };
		20004B46243972A5005D39CC /* Assets.xcassets */ = {isa = PBXFileReference; lastKnownFileType = folder.assetcatalog; path = Assets.xcassets; sourceTree = "<group>"; };
		20004B49243972A5005D39CC /* Base */ = {isa = PBXFileReference; lastKnownFileType = file.storyboard; name = Base; path = Base.lproj/LaunchScreen.storyboard; sourceTree = "<group>"; };
		20004B4B243972A5005D39CC /* Info.plist */ = {isa = PBXFileReference; lastKnownFileType = text.plist.xml; path = Info.plist; sourceTree = "<group>"; };
		20004B50243972A5005D39CC /* TippyTests.xctest */ = {isa = PBXFileReference; explicitFileType = wrapper.cfbundle; includeInIndex = 0; path = TippyTests.xctest; sourceTree = BUILT_PRODUCTS_DIR; };
		20004B54243972A5005D39CC /* TippyTests.swift */ = {isa = PBXFileReference; lastKnownFileType = sourcecode.swift; path = TippyTests.swift; sourceTree = "<group>"; };
		20004B56243972A5005D39CC /* Info.plist */ = {isa = PBXFileReference; lastKnownFileType = text.plist.xml; path = Info.plist; sourceTree = "<group>"; };
		20004B5B243972A5005D39CC /* TippyUITests.xctest */ = {isa = PBXFileReference; explicitFileType = wrapper.cfbundle; includeInIndex = 0; path = TippyUITests.xctest; sourceTree = BUILT_PRODUCTS_DIR; };
		20004B5F243972A6005D39CC /* TippyUITests.swift */ = {isa = PBXFileReference; lastKnownFileType = sourcecode.swift; path = TippyUITests.swift; sourceTree = "<group>"; };
		20004B61243972A6005D39CC /* Info.plist */ = {isa = PBXFileReference; lastKnownFileType = text.plist.xml; path = Info.plist; sourceTree = "<group>"; };
/* End PBXFileReference section */

/* Begin PBXFrameworksBuildPhase section */
		20004B39243972A5005D39CC /* Frameworks */ = {
			isa = PBXFrameworksBuildPhase;
			buildActionMask = 2147483647;
			files = (
			);
			runOnlyForDeploymentPostprocessing = 0;
		};
		20004B4D243972A5005D39CC /* Frameworks */ = {
			isa = PBXFrameworksBuildPhase;
			buildActionMask = 2147483647;
			files = (
			);
			runOnlyForDeploymentPostprocessing = 0;
		};
		20004B58243972A5005D39CC /* Frameworks */ = {
			isa = PBXFrameworksBuildPhase;
			buildActionMask = 2147483647;
			files = (
			);
			runOnlyForDeploymentPostprocessing = 0;
		};
/* End PBXFrameworksBuildPhase section */

/* Begin PBXGroup section */
		20004B33243972A5005D39CC = {
			isa = PBXGroup;
			children = (
				20004B3E243972A5005D39CC /* Tippy */,
				20004B53243972A5005D39CC /* TippyTests */,
				20004B5E243972A6005D39CC /* TippyUITests */,
				20004B3D243972A5005D39CC /* Products */,
			);
			sourceTree = "<group>";
		};
		20004B3D243972A5005D39CC /* Products */ = {
			isa = PBXGroup;
			children = (
				20004B3C243972A5005D39CC /* Tippy.app */,
				20004B50243972A5005D39CC /* TippyTests.xctest */,
				20004B5B243972A5005D39CC /* TippyUITests.xctest */,
			);
			name = Products;
			sourceTree = "<group>";
		};
		20004B3E243972A5005D39CC /* Tippy */ = {
			isa = PBXGroup;
			children = (
				20004B3F243972A5005D39CC /* AppDelegate.swift */,
				20004B41243972A5005D39CC /* ViewController.swift */,
				20004B43243972A5005D39CC /* Main.storyboard */,
				20004B46243972A5005D39CC /* Assets.xcassets */,
				20004B48243972A5005D39CC /* LaunchScreen.storyboard */,
				20004B4B243972A5005D39CC /* Info.plist */,
			);
			path = Tippy;
			sourceTree = "<group>";
		};
		20004B53243972A5005D39CC /* TippyTests */ = {
			isa = PBXGroup;
			children = (
				20004B54243972A5005D39CC /* TippyTests.swift */,
				20004B56243972A5005D39CC /* Info.plist */,
			);
			path = TippyTests;
			sourceTree = "<group>";
		};
		20004B5E243972A6005D39CC /* TippyUITests */ = {
			isa = PBXGroup;
			children = (
				20004B5F243972A6005D39CC /* TippyUITests.swift */,
				20004B61243972A6005D39CC /* Info.plist */,
			);
			path = TippyUITests;
			sourceTree = "<group>";
		};
/* End PBXGroup section */

/* Begin PBXNativeTarget section */
		20004B3B243972A5005D39CC /* Tippy */ = {
			isa = PBXNativeTarget;
			buildConfigurationList = 20004B64243972A6005D39CC /* Build configuration list for PBXNativeTarget "Tippy" */;
			buildPhases = (
				20004B38243972A5005D39CC /* Sources */,
				20004B39243972A5005D39CC /* Frameworks */,
				20004B3A243972A5005D39CC /* Resources */,
			);
			buildRules = (
			);
			dependencies = (
			);
			name = Tippy;
			productName = Tippy;
			productReference = 20004B3C243972A5005D39CC /* Tippy.app */;
			productType = "com.apple.product-type.application";
		};
		20004B4F243972A5005D39CC /* TippyTests */ = {
			isa = PBXNativeTarget;
			buildConfigurationList = 20004B67243972A6005D39CC /* Build configuration list for PBXNativeTarget "TippyTests" */;
			buildPhases = (
				20004B4C243972A5005D39CC /* Sources */,
				20004B4D243972A5005D39CC /* Frameworks */,
				20004B4E243972A5005D39CC /* Resources */,
			);
			buildRules = (
			);
			dependencies = (
				20004B52243972A5005D39CC /* PBXTargetDependency */,
			);
			name = TippyTests;
			productName = TippyTests;
			productReference = 20004B50243972A5005D39CC /* TippyTests.xctest */;
			productType = "com.apple.product-type.bundle.unit-test";
		};
		20004B5A243972A5005D39CC /* TippyUITests */ = {
			isa = PBXNativeTarget;
			buildConfigurationList = 20004B6A243972A6005D39CC /* Build configuration list for PBXNativeTarget "TippyUITests" */;
			buildPhases = (
				20004B57243972A5005D39CC /* Sources */,
				20004B58243972A5005D39CC /* Frameworks */,
				20004B59243972A5005D39CC /* Resources */,
			);
			buildRules = (
			);
			dependencies = (
				20004B5D243972A5005D39CC /* PBXTargetDependency */,
			);
			name = TippyUITests;
			productName = TippyUITests;
			productReference = 20004B5B243972A5005D39CC /* TippyUITests.xctest */;
			productType = "com.apple.product-type.bundle.ui-testing";
		};
/* End PBXNativeTarget section */

/* Begin PBXProject section */
		20004B34243972A5005D39CC /* Project object */ = {
			isa = PBXProject;
			attributes = {
				LastSwiftUpdateCheck = 0830;
				LastUpgradeCheck = 0830;
				ORGANIZATIONNAME = Mal;
				TargetAttributes = {
					20004B3B243972A5005D39CC = {
						CreatedOnToolsVersion = 8.3.3;
						ProvisioningStyle = Automatic;
					};
					20004B4F243972A5005D39CC = {
						CreatedOnToolsVersion = 8.3.3;
						ProvisioningStyle = Automatic;
						TestTargetID = 20004B3B243972A5005D39CC;
					};
					20004B5A243972A5005D39CC = {
						CreatedOnToolsVersion = 8.3.3;
						ProvisioningStyle = Automatic;
						TestTargetID = 20004B3B243972A5005D39CC;
					};
				};
			};
			buildConfigurationList = 20004B37243972A5005D39CC /* Build configuration list for PBXProject "Tippy" */;
			compatibilityVersion = "Xcode 3.2";
			developmentRegion = English;
			hasScannedForEncodings = 0;
			knownRegions = (
				en,
				Base,
			);
			mainGroup = 20004B33243972A5005D39CC;
			productRefGroup = 20004B3D243972A5005D39CC /* Products */;
			projectDirPath = "";
			projectRoot = "";
			targets = (
				20004B3B243972A5005D39CC /* Tippy */,
				20004B4F243972A5005D39CC /* TippyTests */,
				20004B5A243972A5005D39CC /* TippyUITests */,
			);
		};
/* End PBXProject section */

/* Begin PBXResourcesBuildPhase section */
		20004B3A243972A5005D39CC /* Resources */ = {
			isa = PBXResourcesBuildPhase;
			buildActionMask = 2147483647;
			files = (
				20004B4A243972A5005D39CC /* LaunchScreen.storyboard in Resources */,
				20004B47243972A5005D39CC /* Assets.xcassets in Resources */,
				20004B45243972A5005D39CC /* Main.storyboard in Resources */,
			);
			runOnlyForDeploymentPostprocessing = 0;
		};
		20004B4E243972A5005D39CC /* Resources */ = {
			isa = PBXResourcesBuildPhase;
			buildActionMask = 2147483647;
			files = (
			);
			runOnlyForDeploymentPostprocessing = 0;
		};
		20004B59243972A5005D39CC /* Resources */ = {
			isa = PBXResourcesBuildPhase;
			buildActionMask = 2147483647;
			files = (
			);
			runOnlyForDeploymentPostprocessing = 0;
		};
/* End PBXResourcesBuildPhase section */

/* Begin PBXSourcesBuildPhase section */
		20004B38243972A5005D39CC /* Sources */ = {
			isa = PBXSourcesBuildPhase;
			buildActionMask = 2147483647;
			files = (
				20004B42243972A5005D39CC /* ViewController.swift in Sources */,
				20004B40243972A5005D39CC /* AppDelegate.swift in Sources */,
			);
			runOnlyForDeploymentPostprocessing = 0;
		};
		20004B4C243972A5005D39CC /* Sources */ = {
			isa = PBXSourcesBuildPhase;
			buildActionMask = 2147483647;
			files = (
				20004B55243972A5005D39CC /* TippyTests.swift in Sources */,
			);
			runOnlyForDeploymentPostprocessing = 0;
		};
		20004B57243972A5005D39CC /* Sources */ = {
			isa = PBXSourcesBuildPhase;
			buildActionMask = 2147483647;
			files = (
				20004B60243972A6005D39CC /* TippyUITests.swift in Sources */,
			);
			runOnlyForDeploymentPostprocessing = 0;
		};
/* End PBXSourcesBuildPhase section */

/* Begin PBXTargetDependency section */
		20004B52243972A5005D39CC /* PBXTargetDependency */ = {
			isa = PBXTargetDependency;
			target = 20004B3B243972A5005D39CC /* Tippy */;
			targetProxy = 20004B51243972A5005D39CC /* PBXContainerItemProxy */;
		};
		20004B5D243972A5005D39CC /* PBXTargetDependency */ = {
			isa = PBXTargetDependency;
			target = 20004B3B243972A5005D39CC /* Tippy */;
			targetProxy = 20004B5C243972A5005D39CC /* PBXContainerItemProxy */;
		};
/* End PBXTargetDependency section */

/* Begin PBXVariantGroup section */
		20004B43243972A5005D39CC /* Main.storyboard */ = {
			isa = PBXVariantGroup;
			children = (
				20004B44243972A5005D39CC /* Base */,
			);
			name = Main.storyboard;
			sourceTree = "<group>";
		};
		20004B48243972A5005D39CC /* LaunchScreen.storyboard */ = {
			isa = PBXVariantGroup;
			children = (
				20004B49243972A5005D39CC /* Base */,
			);
			name = LaunchScreen.storyboard;
			sourceTree = "<group>";
		};
/* End PBXVariantGroup section */

/* Begin XCBuildConfiguration section */
		20004B62243972A6005D39CC /* Debug */ = {
			isa = XCBuildConfiguration;
			buildSettings = {
				ALWAYS_SEARCH_USER_PATHS = NO;
				CLANG_ANALYZER_NONNULL = YES;
				CLANG_ANALYZER_NUMBER_OBJECT_CONVERSION = YES_AGGRESSIVE;
				CLANG_CXX_LANGUAGE_STANDARD = "gnu++0x";
				CLANG_CXX_LIBRARY = "libc++";
				CLANG_ENABLE_MODULES = YES;
				CLANG_ENABLE_OBJC_ARC = YES;
				CLANG_WARN_BOOL_CONVERSION = YES;
				CLANG_WARN_CONSTANT_CONVERSION = YES;
				CLANG_WARN_DIRECT_OBJC_ISA_USAGE = YES_ERROR;
				CLANG_WARN_DOCUMENTATION_COMMENTS = YES;
				CLANG_WARN_EMPTY_BODY = YES;
				CLANG_WARN_ENUM_CONVERSION = YES;
				CLANG_WARN_INFINITE_RECURSION = YES;
				CLANG_WARN_INT_CONVERSION = YES;
				CLANG_WARN_OBJC_ROOT_CLASS = YES_ERROR;
				CLANG_WARN_SUSPICIOUS_MOVE = YES;
				CLANG_WARN_UNREACHABLE_CODE = YES;
				CLANG_WARN__DUPLICATE_METHOD_MATCH = YES;
				"CODE_SIGN_IDENTITY[sdk=iphoneos*]" = "iPhone Developer";
				COPY_PHASE_STRIP = NO;
				DEBUG_INFORMATION_FORMAT = dwarf;
				ENABLE_STRICT_OBJC_MSGSEND = YES;
				ENABLE_TESTABILITY = YES;
				GCC_C_LANGUAGE_STANDARD = gnu99;
				GCC_DYNAMIC_NO_PIC = NO;
				GCC_NO_COMMON_BLOCKS = YES;
				GCC_OPTIMIZATION_LEVEL = 0;
				GCC_PREPROCESSOR_DEFINITIONS = (
					"DEBUG=1",
					"$(inherited)",
				);
				GCC_WARN_64_TO_32_BIT_CONVERSION = YES;
				GCC_WARN_ABOUT_RETURN_TYPE = YES_ERROR;
				GCC_WARN_UNDECLARED_SELECTOR = YES;
				GCC_WARN_UNINITIALIZED_AUTOS = YES_AGGRESSIVE;
				GCC_WARN_UNUSED_FUNCTION = YES;
				GCC_WARN_UNUSED_VARIABLE = YES;
				IPHONEOS_DEPLOYMENT_TARGET = 10.3;
				MTL_ENABLE_DEBUG_INFO = YES;
				ONLY_ACTIVE_ARCH = YES;
				SDKROOT = iphoneos;
				SWIFT_ACTIVE_COMPILATION_CONDITIONS = DEBUG;
				SWIFT_OPTIMIZATION_LEVEL = "-Onone";
			};
			name = Debug;
		};
		20004B63243972A6005D39CC /* Release */ = {
			isa = XCBuildConfiguration;
			buildSettings = {
				ALWAYS_SEARCH_USER_PATHS = NO;
				CLANG_ANALYZER_NONNULL = YES;
				CLANG_ANALYZER_NUMBER_OBJECT_CONVERSION = YES_AGGRESSIVE;
				CLANG_CXX_LANGUAGE_STANDARD = "gnu++0x";
				CLANG_CXX_LIBRARY = "libc++";
				CLANG_ENABLE_MODULES = YES;
				CLANG_ENABLE_OBJC_ARC = YES;
				CLANG_WARN_BOOL_CONVERSION = YES;
				CLANG_WARN_CONSTANT_CONVERSION = YES;
				CLANG_WARN_DIRECT_OBJC_ISA_USAGE = YES_ERROR;
				CLANG_WARN_DOCUMENTATION_COMMENTS = YES;
				CLANG_WARN_EMPTY_BODY = YES;
				CLANG_WARN_ENUM_CONVERSION = YES;
				CLANG_WARN_INFINITE_RECURSION = YES;
				CLANG_WARN_INT_CONVERSION = YES;
				CLANG_WARN_OBJC_ROOT_CLASS = YES_ERROR;
				CLANG_WARN_SUSPICIOUS_MOVE = YES;
				CLANG_WARN_UNREACHABLE_CODE = YES;
				CLANG_WARN__DUPLICATE_METHOD_MATCH = YES;
				"CODE_SIGN_IDENTITY[sdk=iphoneos*]" = "iPhone Developer";
				COPY_PHASE_STRIP = NO;
				DEBUG_INFORMATION_FORMAT = "dwarf-with-dsym";
				ENABLE_NS_ASSERTIONS = NO;
				ENABLE_STRICT_OBJC_MSGSEND = YES;
				GCC_C_LANGUAGE_STANDARD = gnu99;
				GCC_NO_COMMON_BLOCKS = YES;
				GCC_WARN_64_TO_32_BIT_CONVERSION = YES;
				GCC_WARN_ABOUT_RETURN_TYPE = YES_ERROR;
				GCC_WARN_UNDECLARED_SELECTOR = YES;
				GCC_WARN_UNINITIALIZED_AUTOS = YES_AGGRESSIVE;
				GCC_WARN_UNUSED_FUNCTION = YES;
				GCC_WARN_UNUSED_VARIABLE = YES;
				IPHONEOS_DEPLOYMENT_TARGET = 10.3;
				MTL_ENABLE_DEBUG_INFO = NO;
				SDKROOT = iphoneos;
				SWIFT_OPTIMIZATION_LEVEL = "-Owholemodule";
				VALIDATE_PRODUCT = YES;
			};
			name = Release;
		};
		20004B65243972A6005D39CC /* Debug */ = {
			isa = XCBuildConfiguration;
			buildSettings = {
				ASSETCATALOG_COMPILER_APPICON_NAME = AppIcon;
				INFOPLIST_FILE = Tippy/Info.plist;
				LD_RUNPATH_SEARCH_PATHS = "$(inherited) @executable_path/Frameworks";
				PRODUCT_BUNDLE_IDENTIFIER = com.Tippy;
				PRODUCT_NAME = "$(TARGET_NAME)";
				SWIFT_VERSION = 3.0;
			};
			name = Debug;
		};
		20004B66243972A6005D39CC /* Release */ = {
			isa = XCBuildConfiguration;
			buildSettings = {
				ASSETCATALOG_COMPILER_APPICON_NAME = AppIcon;
				INFOPLIST_FILE = Tippy/Info.plist;
				LD_RUNPATH_SEARCH_PATHS = "$(inherited) @executable_path/Frameworks";
				PRODUCT_BUNDLE_IDENTIFIER = com.Tippy;
				PRODUCT_NAME = "$(TARGET_NAME)";
				SWIFT_VERSION = 3.0;
			};
			name = Release;
		};
		20004B68243972A6005D39CC /* Debug */ = {
			isa = XCBuildConfiguration;
			buildSettings = {
				ALWAYS_EMBED_SWIFT_STANDARD_LIBRARIES = YES;
				BUNDLE_LOADER = "$(TEST_HOST)";
				INFOPLIST_FILE = TippyTests/Info.plist;
				LD_RUNPATH_SEARCH_PATHS = "$(inherited) @executable_path/Frameworks @loader_path/Frameworks";
				PRODUCT_BUNDLE_IDENTIFIER = com.TippyTests;
				PRODUCT_NAME = "$(TARGET_NAME)";
				SWIFT_VERSION = 3.0;
				TEST_HOST = "$(BUILT_PRODUCTS_DIR)/Tippy.app/Tippy";
			};
			name = Debug;
		};
		20004B69243972A6005D39CC /* Release */ = {
			isa = XCBuildConfiguration;
			buildSettings = {
				ALWAYS_EMBED_SWIFT_STANDARD_LIBRARIES = YES;
				BUNDLE_LOADER = "$(TEST_HOST)";
				INFOPLIST_FILE = TippyTests/Info.plist;
				LD_RUNPATH_SEARCH_PATHS = "$(inherited) @executable_path/Frameworks @loader_path/Frameworks";
				PRODUCT_BUNDLE_IDENTIFIER = com.TippyTests;
				PRODUCT_NAME = "$(TARGET_NAME)";
				SWIFT_VERSION = 3.0;
				TEST_HOST = "$(BUILT_PRODUCTS_DIR)/Tippy.app/Tippy";
			};
			name = Release;
		};
		20004B6B243972A6005D39CC /* Debug */ = {
			isa = XCBuildConfiguration;
			buildSettings = {
				ALWAYS_EMBED_SWIFT_STANDARD_LIBRARIES = YES;
				INFOPLIST_FILE = TippyUITests/Info.plist;
				LD_RUNPATH_SEARCH_PATHS = "$(inherited) @executable_path/Frameworks @loader_path/Frameworks";
				PRODUCT_BUNDLE_IDENTIFIER = com.TippyUITests;
				PRODUCT_NAME = "$(TARGET_NAME)";
				SWIFT_VERSION = 3.0;
				TEST_TARGET_NAME = Tippy;
			};
			name = Debug;
		};
		20004B6C243972A6005D39CC /* Release */ = {
			isa = XCBuildConfiguration;
			buildSettings = {
				ALWAYS_EMBED_SWIFT_STANDARD_LIBRARIES = YES;
				INFOPLIST_FILE = TippyUITests/Info.plist;
				LD_RUNPATH_SEARCH_PATHS = "$(inherited) @executable_path/Frameworks @loader_path/Frameworks";
				PRODUCT_BUNDLE_IDENTIFIER = com.TippyUITests;
				PRODUCT_NAME = "$(TARGET_NAME)";
				SWIFT_VERSION = 3.0;
				TEST_TARGET_NAME = Tippy;
			};
			name = Release;
		};
/* End XCBuildConfiguration section */

/* Begin XCConfigurationList section */
		20004B37243972A5005D39CC /* Build configuration list for PBXProject "Tippy" */ = {
			isa = XCConfigurationList;
			buildConfigurations = (
				20004B62243972A6005D39CC /* Debug */,
				20004B63243972A6005D39CC /* Release */,
			);
			defaultConfigurationIsVisible = 0;
			defaultConfigurationName = Release;
		};
		20004B64243972A6005D39CC /* Build configuration list for PBXNativeTarget "Tippy" */ = {
			isa = XCConfigurationList;
			buildConfigurations = (
				20004B65243972A6005D39CC /* Debug */,
				20004B66243972A6005D39CC /* Release */,
			);
			defaultConfigurationIsVisible = 0;
		};
		20004B67243972A6005D39CC /* Build configuration list for PBXNativeTarget "TippyTests" */ = {
			isa = XCConfigurationList;
			buildConfigurations = (
				20004B68243972A6005D39CC /* Debug */,
				20004B69243972A6005D39CC /* Release */,
			);
			defaultConfigurationIsVisible = 0;
		};
		20004B6A243972A6005D39CC /* Build configuration list for PBXNativeTarget "TippyUITests" */ = {
			isa = XCConfigurationList;
			buildConfigurations = (
				20004B6B243972A6005D39CC /* Debug */,
				20004B6C243972A6005D39CC /* Release */,
			);
			defaultConfigurationIsVisible = 0;
		};
/* End XCConfigurationList section */
	};
	rootObject = 20004B34243972A5005D39CC /* Project object */;
}
